<?xml version="1.0" encoding="utf-8"?>
<Project ToolsVersion="4.0" xmlns="http://schemas.microsoft.com/developer/msbuild/2003">
  <ItemGroup>
    <Filter Include="Arquivos de Origem">
      <UniqueIdentifier>{4FC737F1-C7A5-4376-A066-2A32D752A2FF}</UniqueIdentifier>
      <Extensions>cpp;c;cc;cxx;def;odl;idl;hpj;bat;asm;asmx</Extensions>
    </Filter>
    <Filter Include="Arquivos de Cabeçalho">
      <UniqueIdentifier>{93995380-89BD-4b04-88EB-625FBE52EBFB}</UniqueIdentifier>
      <Extensions>h;hh;hpp;hxx;hm;inl;inc;xsd</Extensions>
    </Filter>
    <Filter Include="Arquivos de Recurso">
      <UniqueIdentifier>{67DA6AB6-F800-4c08-8B7A-83BB121AAD01}</UniqueIdentifier>
      <Extensions>rc;ico;cur;bmp;dlg;rc2;rct;bin;rgs;gif;jpg;jpeg;jpe;resx;tiff;tif;png;wav;mfcribbon-ms</Extensions>
    </Filter>
    <Filter Include="Memoria">
      <UniqueIdentifier>{3b4f55c3-7f5a-4ea6-b4eb-d0678ecf4b87}</UniqueIdentifier>
    </Filter>
    <Filter Include="DECODE">
      <UniqueIdentifier>{97457743-3c2f-492c-b7d9-d28aa003d8e6}</UniqueIdentifier>
    </Filter>
    <Filter Include="CPU">
      <UniqueIdentifier>{f22301cf-9f55-4f5d-9a09-dcf228ddc22e}</UniqueIdentifier>
    </Filter>
    <Filter Include="Registradores">
      <UniqueIdentifier>{ca0f6292-8bd0-4441-9192-d5699fefde9b}</UniqueIdentifier>
    </Filter>
    <Filter Include="Cache">
      <UniqueIdentifier>{f2f5a87b-8419-4cb8-9665-516ea84f3ecf}</UniqueIdentifier>
    </Filter>
  </ItemGroup>
  <ItemGroup>
    <ClInclude Include="Memoria.h">
      <Filter>Arquivos de Cabeçalho</Filter>
    </ClInclude>
    <ClInclude Include="DECODE.h">
      <Filter>Arquivos de Cabeçalho</Filter>
    </ClInclude>
    <ClInclude Include="CPU.h">
      <Filter>Arquivos de Cabeçalho</Filter>
    </ClInclude>
    <ClInclude Include="Registradores.h">
      <Filter>Arquivos de Cabeçalho</Filter>
    </ClInclude>
    <ClInclude Include="Cache.h">
      <Filter>Arquivos de Cabeçalho</Filter>
    </ClInclude>
  </ItemGroup>
  <ItemGroup>
    <ClCompile Include="Main.cpp">
      <Filter>Arquivos de Origem</Filter>
    </ClCompile>
    <ClCompile Include="Memoria.cpp">
      <Filter>Memoria</Filter>
    </ClCompile>
    <ClCompile Include="DECODE.cpp">
      <Filter>DECODE</Filter>
    </ClCompile>
    <ClCompile Include="CPU.cpp">
      <Filter>CPU</Filter>
    </ClCompile>
    <ClCompile Include="Registradores.cpp">
      <Filter>Registradores</Filter>
    </ClCompile>
    <ClCompile Include="Cache.cpp">
      <Filter>Cache</Filter>
    </ClCompile>
  </ItemGroup>
</Project>